
Microsoft Visual Studio Solution File, Format Version 12.00
# Visual Studio Version 16
VisualStudioVersion = 16.0.31321.278
MinimumVisualStudioVersion = 10.0.40219.1
Project("{FAE04EC0-301F-11D3-BF4B-00C04F79EFBC}") = "TheDeepOTools", "TheDeepOTools.csproj", "{DD167CAC-D87E-4A25-AAFD-5699E65A2463}"
EndProject
Global
	GlobalSection(SolutionConfigurationPlatforms) = preSolution
		Debug|Any CPU = Debug|Any CPU
		Release|Any CPU = Release|Any CPU
	EndGlobalSection
	GlobalSection(ProjectConfigurationPlatforms) = postSolution
		{DD167CAC-D87E-4A25-AAFD-5699E65A2463}.Debug|Any CPU.ActiveCfg = Debug|Any CPU
		{DD167CAC-D87E-4A25-AAFD-5699E65A2463}.Debug|Any CPU.Build.0 = Debug|Any CPU
		{DD167CAC-D87E-4A25-AAFD-5699E65A2463}.Release|Any CPU.ActiveCfg = Release|Any CPU
		{DD167CAC-D87E-4A25-AAFD-5699E65A2463}.Release|Any CPU.Build.0 = Release|Any CPU
	EndGlobalSection
	GlobalSection(SolutionProperties) = preSolution
		HideSolutionNode = FALSE
	EndGlobalSection
	GlobalSection(ExtensibilityGlobals) = postSolution
		SolutionGuid = {823BADC7-7A7C-40BD-B66B-ECAF3BDAE3D5}
	EndGlobalSection
EndGlobal
